
Microsoft Visual Studio Solution File, Format Version 12.00
# Visual Studio Version 17
VisualStudioVersion = 17.1.32414.318
MinimumVisualStudioVersion = 10.0.40219.1
Project("{FAE04EC0-301F-11D3-BF4B-00C04F79EFBC}") = "StudentMVC", "StudentMVC\StudentMVC.csproj", "{833401AD-5501-499D-B96B-393CAD05D514}"
EndProject
Global
	GlobalSection(SolutionConfigurationPlatforms) = preSolution
		Debug|Any CPU = Debug|Any CPU
		Release|Any CPU = Release|Any CPU
	EndGlobalSection
	GlobalSection(ProjectConfigurationPlatforms) = postSolution
		{833401AD-5501-499D-B96B-393CAD05D514}.Debug|Any CPU.ActiveCfg = Debug|Any CPU
		{833401AD-5501-499D-B96B-393CAD05D514}.Debug|Any CPU.Build.0 = Debug|Any CPU
		{833401AD-5501-499D-B96B-393CAD05D514}.Release|Any CPU.ActiveCfg = Release|Any CPU
		{833401AD-5501-499D-B96B-393CAD05D514}.Release|Any CPU.Build.0 = Release|Any CPU
	EndGlobalSection
	GlobalSection(SolutionProperties) = preSolution
		HideSolutionNode = FALSE
	EndGlobalSection
	GlobalSection(ExtensibilityGlobals) = postSolution
		SolutionGuid = {48015D94-5F5D-4CD3-B29B-8E3B4F005BF5}
	EndGlobalSection
EndGlobal
